// !$*UTF8*$!
{
	archiveVersion = 1;
	classes = {
	};
	objectVersion = 56;
	objects = {

/* Begin PBXBuildFile section */
		5743D26D2A9D2F1B00FCC596 /* IngredientsTableViewCell.swift in Sources */ = {isa = PBXBuildFile; fileRef = 5743D26C2A9D2F1B00FCC596 /* IngredientsTableViewCell.swift */; };
		5743D26F2A9D2F4000FCC596 /* InstructionTableViewCell.swift in Sources */ = {isa = PBXBuildFile; fileRef = 5743D26E2A9D2F4000FCC596 /* InstructionTableViewCell.swift */; };
		5743D2712A9D2F6C00FCC596 /* DetailViewController.swift in Sources */ = {isa = PBXBuildFile; fileRef = 5743D2702A9D2F6C00FCC596 /* DetailViewController.swift */; };
		5743D2732A9D339A00FCC596 /* HomeViewController.swift in Sources */ = {isa = PBXBuildFile; fileRef = 5743D2722A9D339A00FCC596 /* HomeViewController.swift */; };
		5743D2752A9D52F800FCC596 /* UIImage+BGColor.swift in Sources */ = {isa = PBXBuildFile; fileRef = 5743D2742A9D52F800FCC596 /* UIImage+BGColor.swift */; };
		5743D2772A9D533D00FCC596 /* UISearchBar+ Extension.swift in Sources */ = {isa = PBXBuildFile; fileRef = 5743D2762A9D533D00FCC596 /* UISearchBar+ Extension.swift */; };
		5743D2792A9D562C00FCC596 /* UIViewController+ Extesnion.swift in Sources */ = {isa = PBXBuildFile; fileRef = 5743D2782A9D562C00FCC596 /* UIViewController+ Extesnion.swift */; };
		579DA5B72A9E0FAE00DD66BE /* CategoryesItemsCollectionViewCell.swift in Sources */ = {isa = PBXBuildFile; fileRef = 579DA5B62A9E0FAE00DD66BE /* CategoryesItemsCollectionViewCell.swift */; };
		579DA5B92A9E426500DD66BE /* RecentRecipeCollectionViewCell.swift in Sources */ = {isa = PBXBuildFile; fileRef = 579DA5B82A9E426500DD66BE /* RecentRecipeCollectionViewCell.swift */; };
		57A1CED82A9BC0CB0061B0D3 /* CustomButton.swift in Sources */ = {isa = PBXBuildFile; fileRef = 57A1CED72A9BC0CB0061B0D3 /* CustomButton.swift */; };
		57CC8CD52A9D602D000B1593 /* CategoryesNamesCollectionViewCell.swift in Sources */ = {isa = PBXBuildFile; fileRef = 57CC8CD42A9D602D000B1593 /* CategoryesNamesCollectionViewCell.swift */; };
		8982B15E2A9B4E0800C471E6 /* SceneDelegate.swift in Sources */ = {isa = PBXBuildFile; fileRef = 8982B15D2A9B4E0800C471E6 /* SceneDelegate.swift */; };
		8982B1602A9B4E0800C471E6 /* ViewController.swift in Sources */ = {isa = PBXBuildFile; fileRef = 8982B15F2A9B4E0800C471E6 /* ViewController.swift */; };
		8982B1652A9B4E0900C471E6 /* Assets.xcassets in Resources */ = {isa = PBXBuildFile; fileRef = 8982B1642A9B4E0900C471E6 /* Assets.xcassets */; };
		8982B1682A9B4E0900C471E6 /* LaunchScreen.storyboard in Resources */ = {isa = PBXBuildFile; fileRef = 8982B1662A9B4E0900C471E6 /* LaunchScreen.storyboard */; };
		8982B1762A9B4E8400C471E6 /* AppDelegate.swift in Sources */ = {isa = PBXBuildFile; fileRef = 8982B1752A9B4E8400C471E6 /* AppDelegate.swift */; };
		8982B1812A9B504A00C471E6 /* UIFont+PoppinsBold.swift in Sources */ = {isa = PBXBuildFile; fileRef = 8982B1782A9B504A00C471E6 /* UIFont+PoppinsBold.swift */; };
		8982B1822A9B504A00C471E6 /* UIFont+PoppinsRegular.swift in Sources */ = {isa = PBXBuildFile; fileRef = 8982B1792A9B504A00C471E6 /* UIFont+PoppinsRegular.swift */; };
		8982B1832A9B504A00C471E6 /* UIColor+Rating.swift in Sources */ = {isa = PBXBuildFile; fileRef = 8982B17B2A9B504A00C471E6 /* UIColor+Rating.swift */; };
		8982B1842A9B504A00C471E6 /* UIColor+Nautral.swift in Sources */ = {isa = PBXBuildFile; fileRef = 8982B17C2A9B504A00C471E6 /* UIColor+Nautral.swift */; };
		8982B1852A9B504A00C471E6 /* UIColor+Green.swift in Sources */ = {isa = PBXBuildFile; fileRef = 8982B17D2A9B504A00C471E6 /* UIColor+Green.swift */; };
		8982B1862A9B504A00C471E6 /* UIColor+Primary.swift in Sources */ = {isa = PBXBuildFile; fileRef = 8982B17E2A9B504A00C471E6 /* UIColor+Primary.swift */; };
		8982B1872A9B504A00C471E6 /* UIColor+Error.swift in Sources */ = {isa = PBXBuildFile; fileRef = 8982B17F2A9B504A00C471E6 /* UIColor+Error.swift */; };
		8982B1882A9B504A00C471E6 /* UIColor+Secondary.swift in Sources */ = {isa = PBXBuildFile; fileRef = 8982B1802A9B504A00C471E6 /* UIColor+Secondary.swift */; };
		8982B18C2A9B507500C471E6 /* Poppins-Regular.ttf in Resources */ = {isa = PBXBuildFile; fileRef = 8982B18A2A9B507500C471E6 /* Poppins-Regular.ttf */; };
		8982B18D2A9B507500C471E6 /* Poppins-Bold.ttf in Resources */ = {isa = PBXBuildFile; fileRef = 8982B18B2A9B507500C471E6 /* Poppins-Bold.ttf */; };
		8982B18F2A9B594300C471E6 /* UIImage+Base.swift in Sources */ = {isa = PBXBuildFile; fileRef = 8982B18E2A9B594300C471E6 /* UIImage+Base.swift */; };
		8982B1912A9B5C3F00C471E6 /* UIImage+TabBar.swift in Sources */ = {isa = PBXBuildFile; fileRef = 8982B1902A9B5C3F00C471E6 /* UIImage+TabBar.swift */; };
		8982B1A52A9BAA6E00C471E6 /* README.md in Resources */ = {isa = PBXBuildFile; fileRef = 8982B1A42A9BAA6E00C471E6 /* README.md */; };
/* End PBXBuildFile section */

/* Begin PBXFileReference section */
		5743D26C2A9D2F1B00FCC596 /* IngredientsTableViewCell.swift */ = {isa = PBXFileReference; lastKnownFileType = sourcecode.swift; path = IngredientsTableViewCell.swift; sourceTree = "<group>"; };
		5743D26E2A9D2F4000FCC596 /* InstructionTableViewCell.swift */ = {isa = PBXFileReference; lastKnownFileType = sourcecode.swift; path = InstructionTableViewCell.swift; sourceTree = "<group>"; };
		5743D2702A9D2F6C00FCC596 /* DetailViewController.swift */ = {isa = PBXFileReference; lastKnownFileType = sourcecode.swift; path = DetailViewController.swift; sourceTree = "<group>"; };
		5743D2722A9D339A00FCC596 /* HomeViewController.swift */ = {isa = PBXFileReference; lastKnownFileType = sourcecode.swift; path = HomeViewController.swift; sourceTree = "<group>"; };
		5743D2742A9D52F800FCC596 /* UIImage+BGColor.swift */ = {isa = PBXFileReference; lastKnownFileType = sourcecode.swift; path = "UIImage+BGColor.swift"; sourceTree = "<group>"; };
		5743D2762A9D533D00FCC596 /* UISearchBar+ Extension.swift */ = {isa = PBXFileReference; lastKnownFileType = sourcecode.swift; path = "UISearchBar+ Extension.swift"; sourceTree = "<group>"; };
		5743D2782A9D562C00FCC596 /* UIViewController+ Extesnion.swift */ = {isa = PBXFileReference; lastKnownFileType = sourcecode.swift; path = "UIViewController+ Extesnion.swift"; sourceTree = "<group>"; };
		579DA5B62A9E0FAE00DD66BE /* CategoryesItemsCollectionViewCell.swift */ = {isa = PBXFileReference; lastKnownFileType = sourcecode.swift; path = CategoryesItemsCollectionViewCell.swift; sourceTree = "<group>"; };
		579DA5B82A9E426500DD66BE /* RecentRecipeCollectionViewCell.swift */ = {isa = PBXFileReference; lastKnownFileType = sourcecode.swift; path = RecentRecipeCollectionViewCell.swift; sourceTree = "<group>"; };
		57A1CED72A9BC0CB0061B0D3 /* CustomButton.swift */ = {isa = PBXFileReference; lastKnownFileType = sourcecode.swift; path = CustomButton.swift; sourceTree = "<group>"; };
		57CC8CD42A9D602D000B1593 /* CategoryesNamesCollectionViewCell.swift */ = {isa = PBXFileReference; lastKnownFileType = sourcecode.swift; path = CategoryesNamesCollectionViewCell.swift; sourceTree = "<group>"; };
		8982B1582A9B4E0800C471E6 /* BestRecipes.app */ = {isa = PBXFileReference; explicitFileType = wrapper.application; includeInIndex = 0; path = BestRecipes.app; sourceTree = BUILT_PRODUCTS_DIR; };
		8982B15D2A9B4E0800C471E6 /* SceneDelegate.swift */ = {isa = PBXFileReference; lastKnownFileType = sourcecode.swift; path = SceneDelegate.swift; sourceTree = "<group>"; };
		8982B15F2A9B4E0800C471E6 /* ViewController.swift */ = {isa = PBXFileReference; lastKnownFileType = sourcecode.swift; path = ViewController.swift; sourceTree = "<group>"; };
		8982B1642A9B4E0900C471E6 /* Assets.xcassets */ = {isa = PBXFileReference; lastKnownFileType = folder.assetcatalog; path = Assets.xcassets; sourceTree = "<group>"; };
		8982B1672A9B4E0900C471E6 /* Base */ = {isa = PBXFileReference; lastKnownFileType = file.storyboard; name = Base; path = Base.lproj/LaunchScreen.storyboard; sourceTree = "<group>"; };
		8982B1692A9B4E0900C471E6 /* Info.plist */ = {isa = PBXFileReference; lastKnownFileType = text.plist.xml; path = Info.plist; sourceTree = "<group>"; };
		8982B1752A9B4E8400C471E6 /* AppDelegate.swift */ = {isa = PBXFileReference; fileEncoding = 4; lastKnownFileType = sourcecode.swift; path = AppDelegate.swift; sourceTree = "<group>"; };
		8982B1782A9B504A00C471E6 /* UIFont+PoppinsBold.swift */ = {isa = PBXFileReference; fileEncoding = 4; lastKnownFileType = sourcecode.swift; path = "UIFont+PoppinsBold.swift"; sourceTree = "<group>"; };
		8982B1792A9B504A00C471E6 /* UIFont+PoppinsRegular.swift */ = {isa = PBXFileReference; fileEncoding = 4; lastKnownFileType = sourcecode.swift; path = "UIFont+PoppinsRegular.swift"; sourceTree = "<group>"; };
		8982B17B2A9B504A00C471E6 /* UIColor+Rating.swift */ = {isa = PBXFileReference; fileEncoding = 4; lastKnownFileType = sourcecode.swift; path = "UIColor+Rating.swift"; sourceTree = "<group>"; };
		8982B17C2A9B504A00C471E6 /* UIColor+Nautral.swift */ = {isa = PBXFileReference; fileEncoding = 4; lastKnownFileType = sourcecode.swift; path = "UIColor+Nautral.swift"; sourceTree = "<group>"; };
		8982B17D2A9B504A00C471E6 /* UIColor+Green.swift */ = {isa = PBXFileReference; fileEncoding = 4; lastKnownFileType = sourcecode.swift; path = "UIColor+Green.swift"; sourceTree = "<group>"; };
		8982B17E2A9B504A00C471E6 /* UIColor+Primary.swift */ = {isa = PBXFileReference; fileEncoding = 4; lastKnownFileType = sourcecode.swift; path = "UIColor+Primary.swift"; sourceTree = "<group>"; };
		8982B17F2A9B504A00C471E6 /* UIColor+Error.swift */ = {isa = PBXFileReference; fileEncoding = 4; lastKnownFileType = sourcecode.swift; path = "UIColor+Error.swift"; sourceTree = "<group>"; };
		8982B1802A9B504A00C471E6 /* UIColor+Secondary.swift */ = {isa = PBXFileReference; fileEncoding = 4; lastKnownFileType = sourcecode.swift; path = "UIColor+Secondary.swift"; sourceTree = "<group>"; };
		8982B18A2A9B507500C471E6 /* Poppins-Regular.ttf */ = {isa = PBXFileReference; lastKnownFileType = file; path = "Poppins-Regular.ttf"; sourceTree = "<group>"; };
		8982B18B2A9B507500C471E6 /* Poppins-Bold.ttf */ = {isa = PBXFileReference; lastKnownFileType = file; path = "Poppins-Bold.ttf"; sourceTree = "<group>"; };
		8982B18E2A9B594300C471E6 /* UIImage+Base.swift */ = {isa = PBXFileReference; lastKnownFileType = sourcecode.swift; path = "UIImage+Base.swift"; sourceTree = "<group>"; };
		8982B1902A9B5C3F00C471E6 /* UIImage+TabBar.swift */ = {isa = PBXFileReference; lastKnownFileType = sourcecode.swift; path = "UIImage+TabBar.swift"; sourceTree = "<group>"; };
		8982B1A42A9BAA6E00C471E6 /* README.md */ = {isa = PBXFileReference; fileEncoding = 4; lastKnownFileType = net.daringfireball.markdown; path = README.md; sourceTree = SOURCE_ROOT; };
/* End PBXFileReference section */

/* Begin PBXFrameworksBuildPhase section */
		8982B1552A9B4E0800C471E6 /* Frameworks */ = {
			isa = PBXFrameworksBuildPhase;
			buildActionMask = 2147483647;
			files = (
			);
			runOnlyForDeploymentPostprocessing = 0;
		};
/* End PBXFrameworksBuildPhase section */

/* Begin PBXGroup section */
		5743D26B2A9D2EFE00FCC596 /* Cells */ = {
			isa = PBXGroup;
			children = (
				57CC8CD32A9D5FFF000B1593 /* Collections */,
				5743D26C2A9D2F1B00FCC596 /* IngredientsTableViewCell.swift */,
				5743D26E2A9D2F4000FCC596 /* InstructionTableViewCell.swift */,
			);
			path = Cells;
			sourceTree = "<group>";
		};
		57CC8CD32A9D5FFF000B1593 /* Collections */ = {
			isa = PBXGroup;
			children = (
				57CC8CD42A9D602D000B1593 /* CategoryesNamesCollectionViewCell.swift */,
				579DA5B62A9E0FAE00DD66BE /* CategoryesItemsCollectionViewCell.swift */,
				579DA5B82A9E426500DD66BE /* RecentRecipeCollectionViewCell.swift */,
			);
			path = Collections;
			sourceTree = "<group>";
		};
		8982B14F2A9B4E0800C471E6 = {
			isa = PBXGroup;
			children = (
				8982B1A42A9BAA6E00C471E6 /* README.md */,
				8982B15A2A9B4E0800C471E6 /* BestRecipes */,
				8982B1592A9B4E0800C471E6 /* Products */,
			);
			sourceTree = "<group>";
		};
		8982B1592A9B4E0800C471E6 /* Products */ = {
			isa = PBXGroup;
			children = (
				8982B1582A9B4E0800C471E6 /* BestRecipes.app */,
			);
			name = Products;
			sourceTree = "<group>";
		};
		8982B15A2A9B4E0800C471E6 /* BestRecipes */ = {
			isa = PBXGroup;
			children = (
				8982B19F2A9BA78800C471E6 /* Managers */,
				8982B1722A9B4E4600C471E6 /* Models */,
				8982B1702A9B4E3500C471E6 /* View+Presenter */,
				8982B1732A9B4E4D00C471E6 /* Support */,
				8982B1712A9B4E3E00C471E6 /* Extensions */,
				8982B16F2A9B4E2D00C471E6 /* Application */,
			);
			path = BestRecipes;
			sourceTree = "<group>";
		};
		8982B16F2A9B4E2D00C471E6 /* Application */ = {
			isa = PBXGroup;
			children = (
				8982B1752A9B4E8400C471E6 /* AppDelegate.swift */,
				8982B15D2A9B4E0800C471E6 /* SceneDelegate.swift */,
			);
			path = Application;
			sourceTree = "<group>";
		};
		8982B1702A9B4E3500C471E6 /* View+Presenter */ = {
			isa = PBXGroup;
			children = (
				5743D26B2A9D2EFE00FCC596 /* Cells */,
				8982B1A32A9BA8D000C471E6 /* Tranding */,
				8982B1A22A9BA89300C471E6 /* Detail */,
				8982B1A12A9BA88600C471E6 /* Discover */,
				8982B1A02A9BA87F00C471E6 /* Main */,
				8982B1922A9B761100C471E6 /* Onboarding */,
				8982B15F2A9B4E0800C471E6 /* ViewController.swift */,
				57A1CED72A9BC0CB0061B0D3 /* CustomButton.swift */,
				5743D2702A9D2F6C00FCC596 /* DetailViewController.swift */,
				5743D2722A9D339A00FCC596 /* HomeViewController.swift */,
			);
			path = "View+Presenter";
			sourceTree = "<group>";
		};
		8982B1712A9B4E3E00C471E6 /* Extensions */ = {
			isa = PBXGroup;
			children = (
				8982B17A2A9B504A00C471E6 /* UIColor */,
				8982B1772A9B504A00C471E6 /* UIFont */,
				8982B19D2A9BA27700C471E6 /* UIImage */,
				5743D2762A9D533D00FCC596 /* UISearchBar+ Extension.swift */,
				5743D2782A9D562C00FCC596 /* UIViewController+ Extesnion.swift */,
			);
			path = Extensions;
			sourceTree = "<group>";
		};
		8982B1722A9B4E4600C471E6 /* Models */ = {
			isa = PBXGroup;
			children = (
			);
			path = Models;
			sourceTree = "<group>";
		};
		8982B1732A9B4E4D00C471E6 /* Support */ = {
			isa = PBXGroup;
			children = (
				8982B1892A9B507500C471E6 /* Fonts */,
				8982B1662A9B4E0900C471E6 /* LaunchScreen.storyboard */,
				8982B1642A9B4E0900C471E6 /* Assets.xcassets */,
				8982B1692A9B4E0900C471E6 /* Info.plist */,
			);
			path = Support;
			sourceTree = "<group>";
		};
		8982B1772A9B504A00C471E6 /* UIFont */ = {
			isa = PBXGroup;
			children = (
				8982B1782A9B504A00C471E6 /* UIFont+PoppinsBold.swift */,
				8982B1792A9B504A00C471E6 /* UIFont+PoppinsRegular.swift */,
			);
			path = UIFont;
			sourceTree = "<group>";
		};
		8982B17A2A9B504A00C471E6 /* UIColor */ = {
			isa = PBXGroup;
			children = (
				8982B17B2A9B504A00C471E6 /* UIColor+Rating.swift */,
				8982B17C2A9B504A00C471E6 /* UIColor+Nautral.swift */,
				8982B17D2A9B504A00C471E6 /* UIColor+Green.swift */,
				8982B17E2A9B504A00C471E6 /* UIColor+Primary.swift */,
				8982B17F2A9B504A00C471E6 /* UIColor+Error.swift */,
				8982B1802A9B504A00C471E6 /* UIColor+Secondary.swift */,
			);
			path = UIColor;
			sourceTree = "<group>";
		};
		8982B1892A9B507500C471E6 /* Fonts */ = {
			isa = PBXGroup;
			children = (
				8982B18A2A9B507500C471E6 /* Poppins-Regular.ttf */,
				8982B18B2A9B507500C471E6 /* Poppins-Bold.ttf */,
			);
			path = Fonts;
			sourceTree = "<group>";
		};
		8982B1922A9B761100C471E6 /* Onboarding */ = {
			isa = PBXGroup;
			children = (
			);
			path = Onboarding;
			sourceTree = "<group>";
		};
		8982B19D2A9BA27700C471E6 /* UIImage */ = {
			isa = PBXGroup;
			children = (
				8982B18E2A9B594300C471E6 /* UIImage+Base.swift */,
				8982B1902A9B5C3F00C471E6 /* UIImage+TabBar.swift */,
				5743D2742A9D52F800FCC596 /* UIImage+BGColor.swift */,
			);
			path = UIImage;
			sourceTree = "<group>";
		};
		8982B19F2A9BA78800C471E6 /* Managers */ = {
			isa = PBXGroup;
			children = (
			);
			path = Managers;
			sourceTree = "<group>";
		};
		8982B1A02A9BA87F00C471E6 /* Main */ = {
			isa = PBXGroup;
			children = (
			);
			path = Main;
			sourceTree = "<group>";
		};
		8982B1A12A9BA88600C471E6 /* Discover */ = {
			isa = PBXGroup;
			children = (
			);
			path = Discover;
			sourceTree = "<group>";
		};
		8982B1A22A9BA89300C471E6 /* Detail */ = {
			isa = PBXGroup;
			children = (
			);
			path = Detail;
			sourceTree = "<group>";
		};
		8982B1A32A9BA8D000C471E6 /* Tranding */ = {
			isa = PBXGroup;
			children = (
			);
			path = Tranding;
			sourceTree = "<group>";
		};
/* End PBXGroup section */

/* Begin PBXNativeTarget section */
		8982B1572A9B4E0800C471E6 /* BestRecipes */ = {
			isa = PBXNativeTarget;
			buildConfigurationList = 8982B16C2A9B4E0900C471E6 /* Build configuration list for PBXNativeTarget "BestRecipes" */;
			buildPhases = (
				8982B1542A9B4E0800C471E6 /* Sources */,
				8982B1552A9B4E0800C471E6 /* Frameworks */,
				8982B1562A9B4E0800C471E6 /* Resources */,
			);
			buildRules = (
			);
			dependencies = (
			);
			name = BestRecipes;
			productName = BestRecipes;
			productReference = 8982B1582A9B4E0800C471E6 /* BestRecipes.app */;
			productType = "com.apple.product-type.application";
		};
/* End PBXNativeTarget section */

/* Begin PBXProject section */
		8982B1502A9B4E0800C471E6 /* Project object */ = {
			isa = PBXProject;
			attributes = {
				BuildIndependentTargetsInParallel = 1;
				LastSwiftUpdateCheck = 1430;
				LastUpgradeCheck = 1430;
				TargetAttributes = {
					8982B1572A9B4E0800C471E6 = {
						CreatedOnToolsVersion = 14.3.1;
					};
				};
			};
			buildConfigurationList = 8982B1532A9B4E0800C471E6 /* Build configuration list for PBXProject "BestRecipes" */;
			compatibilityVersion = "Xcode 14.0";
			developmentRegion = en;
			hasScannedForEncodings = 0;
			knownRegions = (
				en,
				Base,
			);
			mainGroup = 8982B14F2A9B4E0800C471E6;
			productRefGroup = 8982B1592A9B4E0800C471E6 /* Products */;
			projectDirPath = "";
			projectRoot = "";
			targets = (
				8982B1572A9B4E0800C471E6 /* BestRecipes */,
			);
		};
/* End PBXProject section */

/* Begin PBXResourcesBuildPhase section */
		8982B1562A9B4E0800C471E6 /* Resources */ = {
			isa = PBXResourcesBuildPhase;
			buildActionMask = 2147483647;
			files = (
				8982B18C2A9B507500C471E6 /* Poppins-Regular.ttf in Resources */,
				8982B1682A9B4E0900C471E6 /* LaunchScreen.storyboard in Resources */,
				8982B1A52A9BAA6E00C471E6 /* README.md in Resources */,
				8982B1652A9B4E0900C471E6 /* Assets.xcassets in Resources */,
				8982B18D2A9B507500C471E6 /* Poppins-Bold.ttf in Resources */,
			);
			runOnlyForDeploymentPostprocessing = 0;
		};
/* End PBXResourcesBuildPhase section */

/* Begin PBXSourcesBuildPhase section */
		8982B1542A9B4E0800C471E6 /* Sources */ = {
			isa = PBXSourcesBuildPhase;
			buildActionMask = 2147483647;
			files = (
				5743D26D2A9D2F1B00FCC596 /* IngredientsTableViewCell.swift in Sources */,
				5743D2712A9D2F6C00FCC596 /* DetailViewController.swift in Sources */,
				8982B1842A9B504A00C471E6 /* UIColor+Nautral.swift in Sources */,
				8982B1832A9B504A00C471E6 /* UIColor+Rating.swift in Sources */,
				8982B1862A9B504A00C471E6 /* UIColor+Primary.swift in Sources */,
				5743D2732A9D339A00FCC596 /* HomeViewController.swift in Sources */,
				8982B1762A9B4E8400C471E6 /* AppDelegate.swift in Sources */,
				57A1CED82A9BC0CB0061B0D3 /* CustomButton.swift in Sources */,
				8982B1882A9B504A00C471E6 /* UIColor+Secondary.swift in Sources */,
				57CC8CD52A9D602D000B1593 /* CategoryesNamesCollectionViewCell.swift in Sources */,
				8982B1812A9B504A00C471E6 /* UIFont+PoppinsBold.swift in Sources */,
				8982B1822A9B504A00C471E6 /* UIFont+PoppinsRegular.swift in Sources */,
				8982B1912A9B5C3F00C471E6 /* UIImage+TabBar.swift in Sources */,
				5743D2772A9D533D00FCC596 /* UISearchBar+ Extension.swift in Sources */,
				8982B1602A9B4E0800C471E6 /* ViewController.swift in Sources */,
				579DA5B92A9E426500DD66BE /* RecentRecipeCollectionViewCell.swift in Sources */,
				5743D2792A9D562C00FCC596 /* UIViewController+ Extesnion.swift in Sources */,
				8982B15E2A9B4E0800C471E6 /* SceneDelegate.swift in Sources */,
				8982B18F2A9B594300C471E6 /* UIImage+Base.swift in Sources */,
				8982B1872A9B504A00C471E6 /* UIColor+Error.swift in Sources */,
				579DA5B72A9E0FAE00DD66BE /* CategoryesItemsCollectionViewCell.swift in Sources */,
				5743D26F2A9D2F4000FCC596 /* InstructionTableViewCell.swift in Sources */,
				5743D2752A9D52F800FCC596 /* UIImage+BGColor.swift in Sources */,
				8982B1852A9B504A00C471E6 /* UIColor+Green.swift in Sources */,
			);
			runOnlyForDeploymentPostprocessing = 0;
		};
/* End PBXSourcesBuildPhase section */

/* Begin PBXVariantGroup section */
		8982B1662A9B4E0900C471E6 /* LaunchScreen.storyboard */ = {
			isa = PBXVariantGroup;
			children = (
				8982B1672A9B4E0900C471E6 /* Base */,
			);
			name = LaunchScreen.storyboard;
			sourceTree = "<group>";
		};
/* End PBXVariantGroup section */

/* Begin XCBuildConfiguration section */
		8982B16A2A9B4E0900C471E6 /* Debug */ = {
			isa = XCBuildConfiguration;
			buildSettings = {
				ALWAYS_SEARCH_USER_PATHS = NO;
				CLANG_ANALYZER_NONNULL = YES;
				CLANG_ANALYZER_NUMBER_OBJECT_CONVERSION = YES_AGGRESSIVE;
				CLANG_CXX_LANGUAGE_STANDARD = "gnu++20";
				CLANG_ENABLE_MODULES = YES;
				CLANG_ENABLE_OBJC_ARC = YES;
				CLANG_ENABLE_OBJC_WEAK = YES;
				CLANG_WARN_BLOCK_CAPTURE_AUTORELEASING = YES;
				CLANG_WARN_BOOL_CONVERSION = YES;
				CLANG_WARN_COMMA = YES;
				CLANG_WARN_CONSTANT_CONVERSION = YES;
				CLANG_WARN_DEPRECATED_OBJC_IMPLEMENTATIONS = YES;
				CLANG_WARN_DIRECT_OBJC_ISA_USAGE = YES_ERROR;
				CLANG_WARN_DOCUMENTATION_COMMENTS = YES;
				CLANG_WARN_EMPTY_BODY = YES;
				CLANG_WARN_ENUM_CONVERSION = YES;
				CLANG_WARN_INFINITE_RECURSION = YES;
				CLANG_WARN_INT_CONVERSION = YES;
				CLANG_WARN_NON_LITERAL_NULL_CONVERSION = YES;
				CLANG_WARN_OBJC_IMPLICIT_RETAIN_SELF = YES;
				CLANG_WARN_OBJC_LITERAL_CONVERSION = YES;
				CLANG_WARN_OBJC_ROOT_CLASS = YES_ERROR;
				CLANG_WARN_QUOTED_INCLUDE_IN_FRAMEWORK_HEADER = YES;
				CLANG_WARN_RANGE_LOOP_ANALYSIS = YES;
				CLANG_WARN_STRICT_PROTOTYPES = YES;
				CLANG_WARN_SUSPICIOUS_MOVE = YES;
				CLANG_WARN_UNGUARDED_AVAILABILITY = YES_AGGRESSIVE;
				CLANG_WARN_UNREACHABLE_CODE = YES;
				CLANG_WARN__DUPLICATE_METHOD_MATCH = YES;
				COPY_PHASE_STRIP = NO;
				DEBUG_INFORMATION_FORMAT = dwarf;
				ENABLE_STRICT_OBJC_MSGSEND = YES;
				ENABLE_TESTABILITY = YES;
				GCC_C_LANGUAGE_STANDARD = gnu11;
				GCC_DYNAMIC_NO_PIC = NO;
				GCC_NO_COMMON_BLOCKS = YES;
				GCC_OPTIMIZATION_LEVEL = 0;
				GCC_PREPROCESSOR_DEFINITIONS = (
					"DEBUG=1",
					"$(inherited)",
				);
				GCC_WARN_64_TO_32_BIT_CONVERSION = YES;
				GCC_WARN_ABOUT_RETURN_TYPE = YES_ERROR;
				GCC_WARN_UNDECLARED_SELECTOR = YES;
				GCC_WARN_UNINITIALIZED_AUTOS = YES_AGGRESSIVE;
				GCC_WARN_UNUSED_FUNCTION = YES;
				GCC_WARN_UNUSED_VARIABLE = YES;
				IPHONEOS_DEPLOYMENT_TARGET = 16.4;
				MTL_ENABLE_DEBUG_INFO = INCLUDE_SOURCE;
				MTL_FAST_MATH = YES;
				ONLY_ACTIVE_ARCH = YES;
				SDKROOT = iphoneos;
				SWIFT_ACTIVE_COMPILATION_CONDITIONS = DEBUG;
				SWIFT_OPTIMIZATION_LEVEL = "-Onone";
			};
			name = Debug;
		};
		8982B16B2A9B4E0900C471E6 /* Release */ = {
			isa = XCBuildConfiguration;
			buildSettings = {
				ALWAYS_SEARCH_USER_PATHS = NO;
				CLANG_ANALYZER_NONNULL = YES;
				CLANG_ANALYZER_NUMBER_OBJECT_CONVERSION = YES_AGGRESSIVE;
				CLANG_CXX_LANGUAGE_STANDARD = "gnu++20";
				CLANG_ENABLE_MODULES = YES;
				CLANG_ENABLE_OBJC_ARC = YES;
				CLANG_ENABLE_OBJC_WEAK = YES;
				CLANG_WARN_BLOCK_CAPTURE_AUTORELEASING = YES;
				CLANG_WARN_BOOL_CONVERSION = YES;
				CLANG_WARN_COMMA = YES;
				CLANG_WARN_CONSTANT_CONVERSION = YES;
				CLANG_WARN_DEPRECATED_OBJC_IMPLEMENTATIONS = YES;
				CLANG_WARN_DIRECT_OBJC_ISA_USAGE = YES_ERROR;
				CLANG_WARN_DOCUMENTATION_COMMENTS = YES;
				CLANG_WARN_EMPTY_BODY = YES;
				CLANG_WARN_ENUM_CONVERSION = YES;
				CLANG_WARN_INFINITE_RECURSION = YES;
				CLANG_WARN_INT_CONVERSION = YES;
				CLANG_WARN_NON_LITERAL_NULL_CONVERSION = YES;
				CLANG_WARN_OBJC_IMPLICIT_RETAIN_SELF = YES;
				CLANG_WARN_OBJC_LITERAL_CONVERSION = YES;
				CLANG_WARN_OBJC_ROOT_CLASS = YES_ERROR;
				CLANG_WARN_QUOTED_INCLUDE_IN_FRAMEWORK_HEADER = YES;
				CLANG_WARN_RANGE_LOOP_ANALYSIS = YES;
				CLANG_WARN_STRICT_PROTOTYPES = YES;
				CLANG_WARN_SUSPICIOUS_MOVE = YES;
				CLANG_WARN_UNGUARDED_AVAILABILITY = YES_AGGRESSIVE;
				CLANG_WARN_UNREACHABLE_CODE = YES;
				CLANG_WARN__DUPLICATE_METHOD_MATCH = YES;
				COPY_PHASE_STRIP = NO;
				DEBUG_INFORMATION_FORMAT = "dwarf-with-dsym";
				ENABLE_NS_ASSERTIONS = NO;
				ENABLE_STRICT_OBJC_MSGSEND = YES;
				GCC_C_LANGUAGE_STANDARD = gnu11;
				GCC_NO_COMMON_BLOCKS = YES;
				GCC_WARN_64_TO_32_BIT_CONVERSION = YES;
				GCC_WARN_ABOUT_RETURN_TYPE = YES_ERROR;
				GCC_WARN_UNDECLARED_SELECTOR = YES;
				GCC_WARN_UNINITIALIZED_AUTOS = YES_AGGRESSIVE;
				GCC_WARN_UNUSED_FUNCTION = YES;
				GCC_WARN_UNUSED_VARIABLE = YES;
				IPHONEOS_DEPLOYMENT_TARGET = 16.4;
				MTL_ENABLE_DEBUG_INFO = NO;
				MTL_FAST_MATH = YES;
				SDKROOT = iphoneos;
				SWIFT_COMPILATION_MODE = wholemodule;
				SWIFT_OPTIMIZATION_LEVEL = "-O";
				VALIDATE_PRODUCT = YES;
			};
			name = Release;
		};
		8982B16D2A9B4E0900C471E6 /* Debug */ = {
			isa = XCBuildConfiguration;
			buildSettings = {
				ASSETCATALOG_COMPILER_APPICON_NAME = AppIcon;
				ASSETCATALOG_COMPILER_GLOBAL_ACCENT_COLOR_NAME = AccentColor;
				CODE_SIGN_STYLE = Automatic;
				CURRENT_PROJECT_VERSION = 1;
				DEVELOPMENT_TEAM = WV9SZ4237Z;
				GENERATE_INFOPLIST_FILE = YES;
				INFOPLIST_FILE = BestRecipes/Support/Info.plist;
				INFOPLIST_KEY_UIApplicationSupportsIndirectInputEvents = YES;
				INFOPLIST_KEY_UILaunchStoryboardName = LaunchScreen;
				INFOPLIST_KEY_UISupportedInterfaceOrientations_iPad = "UIInterfaceOrientationPortrait UIInterfaceOrientationPortraitUpsideDown UIInterfaceOrientationLandscapeLeft UIInterfaceOrientationLandscapeRight";
				INFOPLIST_KEY_UISupportedInterfaceOrientations_iPhone = "UIInterfaceOrientationPortrait UIInterfaceOrientationLandscapeLeft UIInterfaceOrientationLandscapeRight";
				LD_RUNPATH_SEARCH_PATHS = (
					"$(inherited)",
					"@executable_path/Frameworks",
				);
				MARKETING_VERSION = 1.0;
				PRODUCT_BUNDLE_IDENTIFIER = MaxGoryachkin.BestRecipes;
				PRODUCT_NAME = "$(TARGET_NAME)";
				SWIFT_EMIT_LOC_STRINGS = YES;
				SWIFT_VERSION = 5.0;
				TARGETED_DEVICE_FAMILY = "1,2";
			};
			name = Debug;
		};
		8982B16E2A9B4E0900C471E6 /* Release */ = {
			isa = XCBuildConfiguration;
			buildSettings = {
				ASSETCATALOG_COMPILER_APPICON_NAME = AppIcon;
				ASSETCATALOG_COMPILER_GLOBAL_ACCENT_COLOR_NAME = AccentColor;
				CODE_SIGN_STYLE = Automatic;
				CURRENT_PROJECT_VERSION = 1;
				DEVELOPMENT_TEAM = WV9SZ4237Z;
				GENERATE_INFOPLIST_FILE = YES;
				INFOPLIST_FILE = BestRecipes/Support/Info.plist;
				INFOPLIST_KEY_UIApplicationSupportsIndirectInputEvents = YES;
				INFOPLIST_KEY_UILaunchStoryboardName = LaunchScreen;
				INFOPLIST_KEY_UISupportedInterfaceOrientations_iPad = "UIInterfaceOrientationPortrait UIInterfaceOrientationPortraitUpsideDown UIInterfaceOrientationLandscapeLeft UIInterfaceOrientationLandscapeRight";
				INFOPLIST_KEY_UISupportedInterfaceOrientations_iPhone = "UIInterfaceOrientationPortrait UIInterfaceOrientationLandscapeLeft UIInterfaceOrientationLandscapeRight";
				LD_RUNPATH_SEARCH_PATHS = (
					"$(inherited)",
					"@executable_path/Frameworks",
				);
				MARKETING_VERSION = 1.0;
				PRODUCT_BUNDLE_IDENTIFIER = MaxGoryachkin.BestRecipes;
				PRODUCT_NAME = "$(TARGET_NAME)";
				SWIFT_EMIT_LOC_STRINGS = YES;
				SWIFT_VERSION = 5.0;
				TARGETED_DEVICE_FAMILY = "1,2";
			};
			name = Release;
		};
/* End XCBuildConfiguration section */

/* Begin XCConfigurationList section */
		8982B1532A9B4E0800C471E6 /* Build configuration list for PBXProject "BestRecipes" */ = {
			isa = XCConfigurationList;
			buildConfigurations = (
				8982B16A2A9B4E0900C471E6 /* Debug */,
				8982B16B2A9B4E0900C471E6 /* Release */,
			);
			defaultConfigurationIsVisible = 0;
			defaultConfigurationName = Release;
		};
		8982B16C2A9B4E0900C471E6 /* Build configuration list for PBXNativeTarget "BestRecipes" */ = {
			isa = XCConfigurationList;
			buildConfigurations = (
				8982B16D2A9B4E0900C471E6 /* Debug */,
				8982B16E2A9B4E0900C471E6 /* Release */,
			);
			defaultConfigurationIsVisible = 0;
			defaultConfigurationName = Release;
		};
/* End XCConfigurationList section */
	};
	rootObject = 8982B1502A9B4E0800C471E6 /* Project object */;
}
